
Microsoft Visual Studio Solution File, Format Version 12.00
# Visual Studio Version 16
VisualStudioVersion = 16.0.29709.97
MinimumVisualStudioVersion = 10.0.40219.1
Project("{FAE04EC0-301F-11D3-BF4B-00C04F79EFBC}") = "Flight_JWJ", "Flight_JWJ\Flight_JWJ.csproj", "{AD2F24EB-9C52-4B16-AB62-4C5BA3F9B11F}"
EndProject
Global
	GlobalSection(SolutionConfigurationPlatforms) = preSolution
		Debug|Any CPU = Debug|Any CPU
		Release|Any CPU = Release|Any CPU
	EndGlobalSection
	GlobalSection(ProjectConfigurationPlatforms) = postSolution
		{AD2F24EB-9C52-4B16-AB62-4C5BA3F9B11F}.Debug|Any CPU.ActiveCfg = Debug|Any CPU
		{AD2F24EB-9C52-4B16-AB62-4C5BA3F9B11F}.Debug|Any CPU.Build.0 = Debug|Any CPU
		{AD2F24EB-9C52-4B16-AB62-4C5BA3F9B11F}.Release|Any CPU.ActiveCfg = Release|Any CPU
		{AD2F24EB-9C52-4B16-AB62-4C5BA3F9B11F}.Release|Any CPU.Build.0 = Release|Any CPU
	EndGlobalSection
	GlobalSection(SolutionProperties) = preSolution
		HideSolutionNode = FALSE
	EndGlobalSection
	GlobalSection(ExtensibilityGlobals) = postSolution
		SolutionGuid = {C86E4BF9-4DA5-46E3-9516-A1EE21270609}
	EndGlobalSection
EndGlobal
